version = 1
revision = 3
requires-python = ">=3.11"

[options]
resolution-mode = "lowest-direct"

[[package]]
name = "click"
version = "8.1.1"
source = { registry = "https://pypi.org/simple" }
dependencies = [
    { name = "colorama", marker = "sys_platform == 'win32'" },
]
sdist = { url = "https://files.pythonhosted.org/packages/ba/1c/9490d7fd88dd612f2f6ced0fac0560f160d434f28bf3f2fe4173d6b79cae/click-8.1.1.tar.gz", hash = "sha256:7ab900e38149c9872376e8f9b5986ddcaf68c0f413cf73678a0bca5547e6f976", size = 330199, upload-time = "2022-03-30T20:14:16.965Z" }
wheels = [
    { url = "https://files.pythonhosted.org/packages/97/b2/59e9a416766a54e182ad4980c96b097bf1b9fb6dee5f2ffc5f4b3c5d9800/click-8.1.1-py3-none-any.whl", hash = "sha256:5e0d195c2067da3136efb897449ec1e9e6c98282fbf30d7f9e164af9be901a6b", size = 96564, upload-time = "2022-03-30T20:14:15.051Z" },
]

[[package]]
name = "colorama"
version = "0.4.6"
source = { registry = "https://pypi.org/simple" }
sdist = { url = "https://files.pythonhosted.org/packages/d8/53/6f443c9a4a8358a93a6792e2acffb9d9d5cb0a5cfd8802644b7b1c9a02e4/colorama-0.4.6.tar.gz", hash = "sha256:08695f5cb7ed6e0531a20572697297273c47b8cae5a63ffc6d6ed5c201be6e44", size = 27697, upload-time = "2022-10-25T02:36:22.414Z" }
wheels = [
    { url = "https://files.pythonhosted.org/packages/d1/d6/3965ed04c63042e047cb6a3e6ed1a63a35087b6a609aa3a15ed8ac56c221/colorama-0.4.6-py2.py3-none-any.whl", hash = "sha256:4f1d9991f5acc0ca119f9d443620b77f9d6b33703e51011c16baf57afb285fc6", size = 25335, upload-time = "2022-10-25T02:36:20.889Z" },
]

[[package]]
name = "feedparser"
version = "6.0.2"
source = { registry = "https://pypi.org/simple" }
dependencies = [
    { name = "sgmllib3k" },
]
sdist = { url = "https://files.pythonhosted.org/packages/1b/84/934fc369d2e36d7fd9a196a72e68035cabc672c46bf7aa2661838e4d0ca9/feedparser-6.0.2.tar.gz", hash = "sha256:1b00a105425f492f3954fd346e5b524ca9cef3a4bbf95b8809470e9857aa1074", size = 284734, upload-time = "2020-10-25T17:38:17.279Z" }
wheels = [
    { url = "https://files.pythonhosted.org/packages/1c/21/faf1bac028662cc8adb2b5ef7a6f3999a765baa2835331df365289b0ca56/feedparser-6.0.2-py3-none-any.whl", hash = "sha256:f596c4b34fb3e2dc7e6ac3a8191603841e8d5d267210064e94d4238737452ddd", size = 80866, upload-time = "2020-10-25T17:38:15.64Z" },
]

[[package]]
name = "mypy"
version = "1.0.0"
source = { registry = "https://pypi.org/simple" }
dependencies = [
    { name = "mypy-extensions" },
    { name = "typing-extensions" },
]
sdist = { url = "https://files.pythonhosted.org/packages/1d/06/9a40050ef10f0e9ddfd667f29e98dd650db31612128e3e8925cda6621944/mypy-1.0.0.tar.gz", hash = "sha256:f34495079c8d9da05b183f9f7daec2878280c2ad7cc81da686ef0b484cea2ecf", size = 2753202, upload-time = "2023-02-06T19:44:47.913Z" }
wheels = [
    { url = "https://files.pythonhosted.org/packages/59/f9/cd5f17593583bf08944a30311b3d92362643db19d6078847b36cfaebe014/mypy-1.0.0-cp311-cp311-macosx_10_9_x86_64.whl", hash = "sha256:14d776869a3e6c89c17eb943100f7868f677703c8a4e00b3803918f86aafbc52", size = 11230959, upload-time = "2023-02-06T19:43:56.962Z" },
    { url = "https://files.pythonhosted.org/packages/f9/4d/60037c331964be7e5ef98e7b5b696ac10516d254d71d9ab6459f231f3de2/mypy-1.0.0-cp311-cp311-macosx_11_0_arm64.whl", hash = "sha256:bb2782a036d9eb6b5a6efcdda0986774bf798beef86a62da86cb73e2a10b423d", size = 10342431, upload-time = "2023-02-06T19:44:17.185Z" },
    { url = "https://files.pythonhosted.org/packages/a9/d3/5a3ec1a0413b16ea79abb511703424ef0f4bb538b5bb713a721c7d04ecb2/mypy-1.0.0-cp311-cp311-manylinux_2_17_x86_64.manylinux2014_x86_64.whl", hash = "sha256:5cfca124f0ac6707747544c127880893ad72a656e136adc935c8600740b21ff5", size = 18435204, upload-time = "2023-02-06T19:43:33.452Z" },
    { url = "https://files.pythonhosted.org/packages/8f/84/9a37fd92f19edf66b6127fa22146a79214e130e27ed21a68ffbde16487aa/mypy-1.0.0-cp311-cp311-musllinux_1_1_x86_64.whl", hash = "sha256:8845125d0b7c57838a10fd8925b0f5f709d0e08568ce587cc862aacce453e3dd", size = 19835966, upload-time = "2023-02-06T19:43:11.715Z" },
    { url = "https://files.pythonhosted.org/packages/b7/dc/2ff22c5184450564b9af626d0dda3458dbd26a2305a04359bb6b184498c1/mypy-1.0.0-cp311-cp311-win_amd64.whl", hash = "sha256:01b1b9e1ed40544ef486fa8ac022232ccc57109f379611633ede8e71630d07d2", size = 8826750, upload-time = "2023-02-06T19:42:55.883Z" },
    { url = "https://files.pythonhosted.org/packages/5f/4b/7b65392ae3a1fbc924b4ebb6b80708c6b06f86e8123739f883c7499c5bc4/mypy-1.0.0-py3-none-any.whl", hash = "sha256:2efa963bdddb27cb4a0d42545cd137a8d2b883bd181bbc4525b568ef6eca258f", size = 2355619, upload-time = "2023-02-06T19:42:52.074Z" },
]

[[package]]
name = "mypy-extensions"
version = "1.1.0"
source = { registry = "https://pypi.org/simple" }
sdist = { url = "https://files.pythonhosted.org/packages/a2/6e/371856a3fb9d31ca8dac321cda606860fa4548858c0cc45d9d1d4ca2628b/mypy_extensions-1.1.0.tar.gz", hash = "sha256:52e68efc3284861e772bbcd66823fde5ae21fd2fdb51c62a211403730b916558", size = 6343, upload-time = "2025-04-22T14:54:24.164Z" }
wheels = [
    { url = "https://files.pythonhosted.org/packages/79/7b/2c79738432f5c924bef5071f933bcc9efd0473bac3b4aa584a6f7c1c8df8/mypy_extensions-1.1.0-py3-none-any.whl", hash = "sha256:1be4cccdb0f2482337c4743e60421de3a356cd97508abadd57d47403e94f5505", size = 4963, upload-time = "2025-04-22T14:54:22.983Z" },
]

[[package]]
name = "ruff"
version = "0.3.0"
source = { registry = "https://pypi.org/simple" }
sdist = { url = "https://files.pythonhosted.org/packages/61/b0/5fb64bc79464823ca94e566c9000143ddc11f9396c6e20202315059dd64f/ruff-0.3.0.tar.gz", hash = "sha256:0886184ba2618d815067cf43e005388967b67ab9c80df52b32ec1152ab49f53a", size = 2057870, upload-time = "2024-02-29T15:20:35.144Z" }
wheels = [
    { url = "https://files.pythonhosted.org/packages/db/70/438f8f5f2c10f175f8842ec55f20d526644c1acd6f1959f906d89f33df21/ruff-0.3.0-py3-none-macosx_10_12_x86_64.macosx_11_0_arm64.macosx_10_12_universal2.whl", hash = "sha256:7deb528029bacf845bdbb3dbb2927d8ef9b4356a5e731b10eef171e3f0a85944", size = 14893686, upload-time = "2024-02-29T15:19:26.139Z" },
    { url = "https://files.pythonhosted.org/packages/b4/83/b20583af7e02d1b754bdbe9e044895a910745742a6684af89873bb02b604/ruff-0.3.0-py3-none-macosx_10_12_x86_64.whl", hash = "sha256:e1e0d4381ca88fb2b73ea0766008e703f33f460295de658f5467f6f229658c19", size = 7649013, upload-time = "2024-02-29T15:19:32.465Z" },
    { url = "https://files.pythonhosted.org/packages/29/d5/38ba370224e73c9a0bdad42bfa1b4c8f1cadb000388d88224034bc7710b4/ruff-0.3.0-py3-none-manylinux_2_17_aarch64.manylinux2014_aarch64.whl", hash = "sha256:2f7dbba46e2827dfcb0f0cc55fba8e96ba7c8700e0a866eb8cef7d1d66c25dcb", size = 7314702, upload-time = "2024-02-29T15:19:36.009Z" },
    { url = "https://files.pythonhosted.org/packages/f6/cf/6ae283997542bd13094912c5d962ec094f424df410966f7a980496e76fce/ruff-0.3.0-py3-none-manylinux_2_17_armv7l.manylinux2014_armv7l.whl", hash = "sha256:23dbb808e2f1d68eeadd5f655485e235c102ac6f12ad31505804edced2a5ae77", size = 6734438, upload-time = "2024-02-29T15:19:39.822Z" },
    { url = "https://files.pythonhosted.org/packages/f3/c7/6dd394f94fdd2e8647d1a09d77d73603d98be7bfccbf8838a336244b99bc/ruff-0.3.0-py3-none-manylinux_2_17_i686.manylinux2014_i686.whl", hash = "sha256:3ef655c51f41d5fa879f98e40c90072b567c666a7114fa2d9fe004dffba00932", size = 7794714, upload-time = "2024-02-29T15:19:43.706Z" },
    { url = "https://files.pythonhosted.org/packages/8d/09/b61e354b1ead724286341581597bda2b7eab6dca395338080e872524618f/ruff-0.3.0-py3-none-manylinux_2_17_ppc64.manylinux2014_ppc64.whl", hash = "sha256:d0d3d7ef3d4f06433d592e5f7d813314a34601e6c5be8481cccb7fa760aa243e", size = 8463708, upload-time = "2024-02-29T15:19:47.305Z" },
    { url = "https://files.pythonhosted.org/packages/9d/07/d768b9c912c455ad6078aa2c5c9d2ba1289acaddc3e2d90b82d46da6131f/ruff-0.3.0-py3-none-manylinux_2_17_ppc64le.manylinux2014_ppc64le.whl", hash = "sha256:b08b356d06a792e49a12074b62222f9d4ea2a11dca9da9f68163b28c71bf1dd4", size = 8199533, upload-time = "2024-02-29T15:19:51.603Z" },
    { url = "https://files.pythonhosted.org/packages/22/99/a97f42dc36b0ee86854ef39f005e526fd0b5e7e23333edd1045559d0c020/ruff-0.3.0-py3-none-manylinux_2_17_s390x.manylinux2014_s390x.whl", hash = "sha256:9343690f95710f8cf251bee1013bf43030072b9f8d012fbed6ad702ef70d360a", size = 8920967, upload-time = "2024-02-29T15:19:55.403Z" },
    { url = "https://files.pythonhosted.org/packages/25/0b/801edb5c505339e08fbdea188f3dc28c033b4d7a8b320cbecbe6c8fae7fa/ruff-0.3.0-py3-none-manylinux_2_17_x86_64.manylinux2014_x86_64.whl", hash = "sha256:a1f3ed501a42f60f4dedb7805fa8d4534e78b4e196f536bac926f805f0743d49", size = 7831145, upload-time = "2024-02-29T15:19:58.902Z" },
    { url = "https://files.pythonhosted.org/packages/43/9b/8ca336184128b022bbf09ba928240df8c17a9cebc08f34f9f638945ccd3e/ruff-0.3.0-py3-none-musllinux_1_2_aarch64.whl", hash = "sha256:cc30a9053ff2f1ffb505a585797c23434d5f6c838bacfe206c0e6cf38c921a1e", size = 7238068, upload-time = "2024-02-29T15:20:03.855Z" },
    { url = "https://files.pythonhosted.org/packages/09/46/fbef05ded40b91040e92050e429ea81c5180dec99e5a67fd850be28cb33c/ruff-0.3.0-py3-none-musllinux_1_2_armv7l.whl", hash = "sha256:5da894a29ec018a8293d3d17c797e73b374773943e8369cfc50495573d396933", size = 6735986, upload-time = "2024-02-29T15:20:08.984Z" },
    { url = "https://files.pythonhosted.org/packages/8c/21/ef5e8e4e0d5d27906e3400a196464d110b1ad11a80df9ec147e59c8e74ba/ruff-0.3.0-py3-none-musllinux_1_2_i686.whl", hash = "sha256:755c22536d7f1889be25f2baf6fedd019d0c51d079e8417d4441159f3bcd30c2", size = 7450367, upload-time = "2024-02-29T15:20:14.019Z" },
    { url = "https://files.pythonhosted.org/packages/87/3f/d5360a01397c6ed85ebc54b69af8a85410bd02d2a5ee2843dce21861e12c/ruff-0.3.0-py3-none-musllinux_1_2_x86_64.whl", hash = "sha256:dd73fe7f4c28d317855da6a7bc4aa29a1500320818dd8f27df95f70a01b8171f", size = 7886340, upload-time = "2024-02-29T15:20:18.582Z" },
    { url = "https://files.pythonhosted.org/packages/39/21/052d121336189425711eb769293896c1f17235d6357f7b6ef8a62c680497/ruff-0.3.0-py3-none-win32.whl", hash = "sha256:19eacceb4c9406f6c41af806418a26fdb23120dfe53583df76d1401c92b7c14b", size = 6908759, upload-time = "2024-02-29T15:20:22.298Z" },
    { url = "https://files.pythonhosted.org/packages/6d/15/c3d5079dc3269d069fda09076ceae4f8608df079106eb298051d39f97bdb/ruff-0.3.0-py3-none-win_amd64.whl", hash = "sha256:128265876c1d703e5f5e5a4543bd8be47c73a9ba223fd3989d4aa87dd06f312f", size = 7596729, upload-time = "2024-02-29T15:20:26.973Z" },
    { url = "https://files.pythonhosted.org/packages/6c/c6/31b49f2be455ae38205f70a6c48a69f04953d50351d62eb0e51a07b9b6f4/ruff-0.3.0-py3-none-win_arm64.whl", hash = "sha256:e3a4a6d46aef0a84b74fcd201a4401ea9a6cd85614f6a9435f2d33dd8cefbf83", size = 7215471, upload-time = "2024-02-29T15:20:31.117Z" },
]

[[package]]
name = "sgmllib3k"
version = "1.0.0"
source = { registry = "https://pypi.org/simple" }
sdist = { url = "https://files.pythonhosted.org/packages/9e/bd/3704a8c3e0942d711c1299ebf7b9091930adae6675d7c8f476a7ce48653c/sgmllib3k-1.0.0.tar.gz", hash = "sha256:7868fb1c8bfa764c1ac563d3cf369c381d1325d36124933a726f29fcdaa812e9", size = 5750, upload-time = "2010-08-24T14:33:52.445Z" }

[[package]]
name = "typing-extensions"
version = "4.16.0"
source = { registry = "https://pypi.org/simple" }
sdist = { url = "https://files.pythonhosted.org/packages/f6/cc/6253133b5bb138fc3306cebfbda2c520f545d36b5be2c7255cc528bb45d6/typing_extensions-4.16.0.tar.gz", hash = "sha256:dc983d19a509c94dba722ee6abd33940f7c05a89e243c47e907eb4db6f1a43e5", size = 113555, upload-time = "2026-07-02T08:40:05.92Z" }
wheels = [
    { url = "https://files.pythonhosted.org/packages/49/d3/b8441a820a491ddfc024b0b0cf0393375b75ea13866d9c66727e54c2fc80/typing_extensions-4.16.0-py3-none-any.whl", hash = "sha256:481caa481374e813c1b176ada14e97f1f67a4539ce9cfeb3f350d78d6370c2e8", size = 45571, upload-time = "2026-07-02T08:40:04.659Z" },
]

[[package]]
name = "us-state-travel-advisories-feeds"
version = "0.1.0"
source = { editable = "." }
dependencies = [
    { name = "click" },
    { name = "feedparser" },
]

[package.dev-dependencies]
dev = [
    { name = "mypy" },
    { name = "ruff" },
]

[package.metadata]
requires-dist = [
    { name = "click", specifier = ">=8.1.1,<9" },
    { name = "feedparser", specifier = ">=6,<7" },
]

[package.metadata.requires-dev]
dev = [
    { name = "mypy", specifier = ">=1,<2" },
    { name = "ruff", specifier = ">=0.3,<2" },
]
